
Microsoft Visual Studio Solution File, Format Version 12.00
# Visual Studio 2013
VisualStudioVersion = 12.0.40629.0
MinimumVisualStudioVersion = 10.0.40219.1
Project("{FAE04EC0-301F-11D3-BF4B-00C04F79EFBC}") = "DBNews.Data", "DBNews.Data\DBNews.Data.csproj", "{C19A184A-7FA4-4AD4-9A06-822A15420877}"
EndProject
Project("{FAE04EC0-301F-11D3-BF4B-00C04F79EFBC}") = "DBNews.Models", "DBNews.Models\DBNews.Models.csproj", "{684AAA7F-BC61-40F1-A8DE-0A450CD48850}"
EndProject
Project("{FAE04EC0-301F-11D3-BF4B-00C04F79EFBC}") = "DBNews.ConsoleClient", "DBNews.ConsoleClient\DBNews.ConsoleClient.csproj", "{80DBFE0E-DB55-4C2F-9101-A58548444686}"
EndProject
Global
	GlobalSection(SolutionConfigurationPlatforms) = preSolution
		Debug|Any CPU = Debug|Any CPU
		Release|Any CPU = Release|Any CPU
	EndGlobalSection
	GlobalSection(ProjectConfigurationPlatforms) = postSolution
		{C19A184A-7FA4-4AD4-9A06-822A15420877}.Debug|Any CPU.ActiveCfg = Debug|Any CPU
		{C19A184A-7FA4-4AD4-9A06-822A15420877}.Debug|Any CPU.Build.0 = Debug|Any CPU
		{C19A184A-7FA4-4AD4-9A06-822A15420877}.Release|Any CPU.ActiveCfg = Release|Any CPU
		{C19A184A-7FA4-4AD4-9A06-822A15420877}.Release|Any CPU.Build.0 = Release|Any CPU
		{684AAA7F-BC61-40F1-A8DE-0A450CD48850}.Debug|Any CPU.ActiveCfg = Debug|Any CPU
		{684AAA7F-BC61-40F1-A8DE-0A450CD48850}.Debug|Any CPU.Build.0 = Debug|Any CPU
		{684AAA7F-BC61-40F1-A8DE-0A450CD48850}.Release|Any CPU.ActiveCfg = Release|Any CPU
		{684AAA7F-BC61-40F1-A8DE-0A450CD48850}.Release|Any CPU.Build.0 = Release|Any CPU
		{80DBFE0E-DB55-4C2F-9101-A58548444686}.Debug|Any CPU.ActiveCfg = Debug|Any CPU
		{80DBFE0E-DB55-4C2F-9101-A58548444686}.Debug|Any CPU.Build.0 = Debug|Any CPU
		{80DBFE0E-DB55-4C2F-9101-A58548444686}.Release|Any CPU.ActiveCfg = Release|Any CPU
		{80DBFE0E-DB55-4C2F-9101-A58548444686}.Release|Any CPU.Build.0 = Release|Any CPU
	EndGlobalSection
	GlobalSection(SolutionProperties) = preSolution
		HideSolutionNode = FALSE
	EndGlobalSection
EndGlobal
