
Microsoft Visual Studio Solution File, Format Version 12.00
# Visual Studio 14
VisualStudioVersion = 14.0.23107.0
MinimumVisualStudioVersion = 10.0.40219.1
Project("{FAE04EC0-301F-11D3-BF4B-00C04F79EFBC}") = "01.CustomLINQExtension", "CustomLINQExtension\01.CustomLINQExtension.csproj", "{93CAEED9-0651-4CFB-A599-D3CC9327027A}"
EndProject
Project("{FAE04EC0-301F-11D3-BF4B-00C04F79EFBC}") = "02.InterestCalculator", "InterestCalculator\02.InterestCalculator.csproj", "{5EF6827D-28B1-4D0D-A482-BEC55739656F}"
EndProject
Project("{FAE04EC0-301F-11D3-BF4B-00C04F79EFBC}") = "03.AsynchronousTimer", "AsynchronousTimer\03.AsynchronousTimer.csproj", "{0D1F1C0D-AB8F-4A2B-9EE7-EA954EF86E54}"
EndProject
Project("{FAE04EC0-301F-11D3-BF4B-00C04F79EFBC}") = "04.StudentClass", "StudentClass\04.StudentClass.csproj", "{C6717AF2-1EA8-4651-8E08-4A4215087007}"
EndProject
Global
	GlobalSection(SolutionConfigurationPlatforms) = preSolution
		Debug|Any CPU = Debug|Any CPU
		Release|Any CPU = Release|Any CPU
	EndGlobalSection
	GlobalSection(ProjectConfigurationPlatforms) = postSolution
		{93CAEED9-0651-4CFB-A599-D3CC9327027A}.Debug|Any CPU.ActiveCfg = Debug|Any CPU
		{93CAEED9-0651-4CFB-A599-D3CC9327027A}.Debug|Any CPU.Build.0 = Debug|Any CPU
		{93CAEED9-0651-4CFB-A599-D3CC9327027A}.Release|Any CPU.ActiveCfg = Release|Any CPU
		{93CAEED9-0651-4CFB-A599-D3CC9327027A}.Release|Any CPU.Build.0 = Release|Any CPU
		{5EF6827D-28B1-4D0D-A482-BEC55739656F}.Debug|Any CPU.ActiveCfg = Debug|Any CPU
		{5EF6827D-28B1-4D0D-A482-BEC55739656F}.Debug|Any CPU.Build.0 = Debug|Any CPU
		{5EF6827D-28B1-4D0D-A482-BEC55739656F}.Release|Any CPU.ActiveCfg = Release|Any CPU
		{5EF6827D-28B1-4D0D-A482-BEC55739656F}.Release|Any CPU.Build.0 = Release|Any CPU
		{0D1F1C0D-AB8F-4A2B-9EE7-EA954EF86E54}.Debug|Any CPU.ActiveCfg = Debug|Any CPU
		{0D1F1C0D-AB8F-4A2B-9EE7-EA954EF86E54}.Debug|Any CPU.Build.0 = Debug|Any CPU
		{0D1F1C0D-AB8F-4A2B-9EE7-EA954EF86E54}.Release|Any CPU.ActiveCfg = Release|Any CPU
		{0D1F1C0D-AB8F-4A2B-9EE7-EA954EF86E54}.Release|Any CPU.Build.0 = Release|Any CPU
		{C6717AF2-1EA8-4651-8E08-4A4215087007}.Debug|Any CPU.ActiveCfg = Debug|Any CPU
		{C6717AF2-1EA8-4651-8E08-4A4215087007}.Debug|Any CPU.Build.0 = Debug|Any CPU
		{C6717AF2-1EA8-4651-8E08-4A4215087007}.Release|Any CPU.ActiveCfg = Release|Any CPU
		{C6717AF2-1EA8-4651-8E08-4A4215087007}.Release|Any CPU.Build.0 = Release|Any CPU
	EndGlobalSection
	GlobalSection(SolutionProperties) = preSolution
		HideSolutionNode = FALSE
	EndGlobalSection
EndGlobal
